
Microsoft Visual Studio Solution File, Format Version 12.00
# Visual Studio Version 16
VisualStudioVersion = 16.0.31112.23
MinimumVisualStudioVersion = 10.0.40219.1
Project("{9092AA53-FB77-4645-B42D-1CCCA6BD08BD}") = "moveData", "moveData\moveData.njsproj", "{0E58CE10-AF8C-4815-8AAD-249D0918B229}"
EndProject
Global
	GlobalSection(SolutionConfigurationPlatforms) = preSolution
		Debug|Any CPU = Debug|Any CPU
		Release|Any CPU = Release|Any CPU
	EndGlobalSection
	GlobalSection(ProjectConfigurationPlatforms) = postSolution
		{0E58CE10-AF8C-4815-8AAD-249D0918B229}.Debug|Any CPU.ActiveCfg = Debug|Any CPU
		{0E58CE10-AF8C-4815-8AAD-249D0918B229}.Debug|Any CPU.Build.0 = Debug|Any CPU
		{0E58CE10-AF8C-4815-8AAD-249D0918B229}.Release|Any CPU.ActiveCfg = Release|Any CPU
		{0E58CE10-AF8C-4815-8AAD-249D0918B229}.Release|Any CPU.Build.0 = Release|Any CPU
	EndGlobalSection
	GlobalSection(SolutionProperties) = preSolution
		HideSolutionNode = FALSE
	EndGlobalSection
	GlobalSection(ExtensibilityGlobals) = postSolution
		SolutionGuid = {5B73AA7E-B16A-436B-A9AF-9B0DA2241ED2}
	EndGlobalSection
EndGlobal
